// !$*UTF8*$!
{
	archiveVersion = 1;
	classes = {
	};
	objectVersion = 77;
	objects = {

/* Begin PBXBuildFile section */
		3FA14B322EF693B4001426DD /* FFmpegKit in Frameworks */ = {isa = PBXBuildFile; productRef = 3FA14B312EF693B4001426DD /* FFmpegKit */; };
		3FA14B342EF693B4001426DD /* Libavcodec in Frameworks */ = {isa = PBXBuildFile; productRef = 3FA14B332EF693B4001426DD /* Libavcodec */; };
		3FA14B362EF693B4001426DD /* Libavfilter in Frameworks */ = {isa = PBXBuildFile; productRef = 3FA14B352EF693B4001426DD /* Libavfilter */; };
		3FA14B382EF693B4001426DD /* Libavformat in Frameworks */ = {isa = PBXBuildFile; productRef = 3FA14B372EF693B4001426DD /* Libavformat */; };
		3FA14B3A2EF693B4001426DD /* Libavutil in Frameworks */ = {isa = PBXBuildFile; productRef = 3FA14B392EF693B4001426DD /* Libavutil */; };
		3FA4DFD12EF6954B00F03E9C /* KSPlayer in Frameworks */ = {isa = PBXBuildFile; productRef = 3FA4DFD02EF6954B00F03E9C /* KSPlayer */; };
/* End PBXBuildFile section */

/* Begin PBXContainerItemProxy section */
		3FA149E22EF63FB7001426DD /* PBXContainerItemProxy */ = {
			isa = PBXContainerItemProxy;
			containerPortal = 3FA149CC2EF63FB5001426DD /* Project object */;
			proxyType = 1;
			remoteGlobalIDString = 3FA149D32EF63FB5001426DD;
			remoteInfo = QvPlayer;
		};
		3FA149EC2EF63FB7001426DD /* PBXContainerItemProxy */ = {
			isa = PBXContainerItemProxy;
			containerPortal = 3FA149CC2EF63FB5001426DD /* Project object */;
			proxyType = 1;
			remoteGlobalIDString = 3FA149D32EF63FB5001426DD;
			remoteInfo = QvPlayer;
		};
/* End PBXContainerItemProxy section */

/* Begin PBXFileReference section */
		3FA149D42EF63FB5001426DD /* QvPlayer.app */ = {isa = PBXFileReference; explicitFileType = wrapper.application; includeInIndex = 0; path = QvPlayer.app; sourceTree = BUILT_PRODUCTS_DIR; };
		3FA149E12EF63FB7001426DD /* QvPlayerTests.xctest */ = {isa = PBXFileReference; explicitFileType = wrapper.cfbundle; includeInIndex = 0; path = QvPlayerTests.xctest; sourceTree = BUILT_PRODUCTS_DIR; };
		3FA149EB2EF63FB7001426DD /* QvPlayerUITests.xctest */ = {isa = PBXFileReference; explicitFileType = wrapper.cfbundle; includeInIndex = 0; path = QvPlayerUITests.xctest; sourceTree = BUILT_PRODUCTS_DIR; };
/* End PBXFileReference section */

/* Begin PBXFileSystemSynchronizedRootGroup section */
		3FA149D62EF63FB5001426DD /* QvPlayer */ = {
			isa = PBXFileSystemSynchronizedRootGroup;
			path = QvPlayer;
			sourceTree = "<group>";
		};
		3FA149E42EF63FB7001426DD /* QvPlayerTests */ = {
			isa = PBXFileSystemSynchronizedRootGroup;
			path = QvPlayerTests;
			sourceTree = "<group>";
		};
		3FA149EE2EF63FB7001426DD /* QvPlayerUITests */ = {
			isa = PBXFileSystemSynchronizedRootGroup;
			path = QvPlayerUITests;
			sourceTree = "<group>";
		};
/* End PBXFileSystemSynchronizedRootGroup section */

/* Begin PBXFrameworksBuildPhase section */
		3FA149D12EF63FB5001426DD /* Frameworks */ = {
			isa = PBXFrameworksBuildPhase;
			buildActionMask = 2147483647;
			files = (
				3FA14B3A2EF693B4001426DD /* Libavutil in Frameworks */,
				3FA4DFD12EF6954B00F03E9C /* KSPlayer in Frameworks */,
				3FA14B342EF693B4001426DD /* Libavcodec in Frameworks */,
				3FA14B322EF693B4001426DD /* FFmpegKit in Frameworks */,
				3FA14B382EF693B4001426DD /* Libavformat in Frameworks */,
				3FA14B362EF693B4001426DD /* Libavfilter in Frameworks */,
			);
			runOnlyForDeploymentPostprocessing = 0;
		};
		3FA149DE2EF63FB7001426DD /* Frameworks */ = {
			isa = PBXFrameworksBuildPhase;
			buildActionMask = 2147483647;
			files = (
			);
			runOnlyForDeploymentPostprocessing = 0;
		};
		3FA149E82EF63FB7001426DD /* Frameworks */ = {
			isa = PBXFrameworksBuildPhase;
			buildActionMask = 2147483647;
			files = (
			);
			runOnlyForDeploymentPostprocessing = 0;
		};
/* End PBXFrameworksBuildPhase section */

/* Begin PBXGroup section */
		3FA149CB2EF63FB5001426DD = {
			isa = PBXGroup;
			children = (
				3FA149D62EF63FB5001426DD /* QvPlayer */,
				3FA149E42EF63FB7001426DD /* QvPlayerTests */,
				3FA149EE2EF63FB7001426DD /* QvPlayerUITests */,
				3FA149D52EF63FB5001426DD /* Products */,
			);
			sourceTree = "<group>";
		};
		3FA149D52EF63FB5001426DD /* Products */ = {
			isa = PBXGroup;
			children = (
				3FA149D42EF63FB5001426DD /* QvPlayer.app */,
				3FA149E12EF63FB7001426DD /* QvPlayerTests.xctest */,
				3FA149EB2EF63FB7001426DD /* QvPlayerUITests.xctest */,
			);
			name = Products;
			sourceTree = "<group>";
		};
/* End PBXGroup section */

/* Begin PBXNativeTarget section */
		3FA149D32EF63FB5001426DD /* QvPlayer */ = {
			isa = PBXNativeTarget;
			buildConfigurationList = 3FA149F52EF63FB7001426DD /* Build configuration list for PBXNativeTarget "QvPlayer" */;
			buildPhases = (
				3FA149D02EF63FB5001426DD /* Sources */,
				3FA149D12EF63FB5001426DD /* Frameworks */,
				3FA149D22EF63FB5001426DD /* Resources */,
			);
			buildRules = (
			);
			dependencies = (
				3FA4DFE12EF695EB00F03E9C /* PBXTargetDependency */,
				3FA4DFE32EF695EB00F03E9C /* PBXTargetDependency */,
				3FA4DFD52EF695E400F03E9C /* PBXTargetDependency */,
				3FA4DFD72EF695E400F03E9C /* PBXTargetDependency */,
				3FA4DFD92EF695E400F03E9C /* PBXTargetDependency */,
				3FA4DFDB2EF695E400F03E9C /* PBXTargetDependency */,
				3FA4DFDD2EF695E400F03E9C /* PBXTargetDependency */,
				3FA4DFDF2EF695E400F03E9C /* PBXTargetDependency */,
				3FA4DFD32EF695BC00F03E9C /* PBXTargetDependency */,
				3FA4DFB82EF694EC00F03E9C /* PBXTargetDependency */,
			);
			fileSystemSynchronizedGroups = (
				3FA149D62EF63FB5001426DD /* QvPlayer */,
			);
			name = QvPlayer;
			packageProductDependencies = (
				3FA14B312EF693B4001426DD /* FFmpegKit */,
				3FA14B332EF693B4001426DD /* Libavcodec */,
				3FA14B352EF693B4001426DD /* Libavfilter */,
				3FA14B372EF693B4001426DD /* Libavformat */,
				3FA14B392EF693B4001426DD /* Libavutil */,
				3FA4DFD02EF6954B00F03E9C /* KSPlayer */,
			);
			productName = QvPlayer;
			productReference = 3FA149D42EF63FB5001426DD /* QvPlayer.app */;
			productType = "com.apple.product-type.application";
		};
		3FA149E02EF63FB7001426DD /* QvPlayerTests */ = {
			isa = PBXNativeTarget;
			buildConfigurationList = 3FA149F82EF63FB7001426DD /* Build configuration list for PBXNativeTarget "QvPlayerTests" */;
			buildPhases = (
				3FA149DD2EF63FB7001426DD /* Sources */,
				3FA149DE2EF63FB7001426DD /* Frameworks */,
				3FA149DF2EF63FB7001426DD /* Resources */,
			);
			buildRules = (
			);
			dependencies = (
				3FA149E32EF63FB7001426DD /* PBXTargetDependency */,
			);
			fileSystemSynchronizedGroups = (
				3FA149E42EF63FB7001426DD /* QvPlayerTests */,
			);
			name = QvPlayerTests;
			packageProductDependencies = (
			);
			productName = QvPlayerTests;
			productReference = 3FA149E12EF63FB7001426DD /* QvPlayerTests.xctest */;
			productType = "com.apple.product-type.bundle.unit-test";
		};
		3FA149EA2EF63FB7001426DD /* QvPlayerUITests */ = {
			isa = PBXNativeTarget;
			buildConfigurationList = 3FA149FB2EF63FB7001426DD /* Build configuration list for PBXNativeTarget "QvPlayerUITests" */;
			buildPhases = (
				3FA149E72EF63FB7001426DD /* Sources */,
				3FA149E82EF63FB7001426DD /* Frameworks */,
				3FA149E92EF63FB7001426DD /* Resources */,
			);
			buildRules = (
			);
			dependencies = (
				3FA149ED2EF63FB7001426DD /* PBXTargetDependency */,
			);
			fileSystemSynchronizedGroups = (
				3FA149EE2EF63FB7001426DD /* QvPlayerUITests */,
			);
			name = QvPlayerUITests;
			packageProductDependencies = (
			);
			productName = QvPlayerUITests;
			productReference = 3FA149EB2EF63FB7001426DD /* QvPlayerUITests.xctest */;
			productType = "com.apple.product-type.bundle.ui-testing";
		};
/* End PBXNativeTarget section */

/* Begin PBXProject section */
		3FA149CC2EF63FB5001426DD /* Project object */ = {
			isa = PBXProject;
			attributes = {
				BuildIndependentTargetsInParallel = 1;
				LastSwiftUpdateCheck = 1640;
				LastUpgradeCheck = 1640;
				TargetAttributes = {
					3FA149D32EF63FB5001426DD = {
						CreatedOnToolsVersion = 16.4;
					};
					3FA149E02EF63FB7001426DD = {
						CreatedOnToolsVersion = 16.4;
						TestTargetID = 3FA149D32EF63FB5001426DD;
					};
					3FA149EA2EF63FB7001426DD = {
						CreatedOnToolsVersion = 16.4;
						TestTargetID = 3FA149D32EF63FB5001426DD;
					};
				};
			};
			buildConfigurationList = 3FA149CF2EF63FB5001426DD /* Build configuration list for PBXProject "QvPlayer" */;
			developmentRegion = en;
			hasScannedForEncodings = 0;
			knownRegions = (
				en,
				Base,
				"zh-Hans",
			);
			mainGroup = 3FA149CB2EF63FB5001426DD;
			minimizedProjectReferenceProxies = 1;
			packageReferences = (
				3FA14B302EF6937C001426DD /* XCRemoteSwiftPackageReference "FFmpegKit" */,
				3FA4DFCF2EF6953800F03E9C /* XCRemoteSwiftPackageReference "KSPlayer" */,
			);
			preferredProjectObjectVersion = 77;
			productRefGroup = 3FA149D52EF63FB5001426DD /* Products */;
			projectDirPath = "";
			projectRoot = "";
			targets = (
				3FA149D32EF63FB5001426DD /* QvPlayer */,
				3FA149E02EF63FB7001426DD /* QvPlayerTests */,
				3FA149EA2EF63FB7001426DD /* QvPlayerUITests */,
			);
		};
/* End PBXProject section */

/* Begin PBXResourcesBuildPhase section */
		3FA149D22EF63FB5001426DD /* Resources */ = {
			isa = PBXResourcesBuildPhase;
			buildActionMask = 2147483647;
			files = (
			);
			runOnlyForDeploymentPostprocessing = 0;
		};
		3FA149DF2EF63FB7001426DD /* Resources */ = {
			isa = PBXResourcesBuildPhase;
			buildActionMask = 2147483647;
			files = (
			);
			runOnlyForDeploymentPostprocessing = 0;
		};
		3FA149E92EF63FB7001426DD /* Resources */ = {
			isa = PBXResourcesBuildPhase;
			buildActionMask = 2147483647;
			files = (
			);
			runOnlyForDeploymentPostprocessing = 0;
		};
/* End PBXResourcesBuildPhase section */

/* Begin PBXSourcesBuildPhase section */
		3FA149D02EF63FB5001426DD /* Sources */ = {
			isa = PBXSourcesBuildPhase;
			buildActionMask = 2147483647;
			files = (
			);
			runOnlyForDeploymentPostprocessing = 0;
		};
		3FA149DD2EF63FB7001426DD /* Sources */ = {
			isa = PBXSourcesBuildPhase;
			buildActionMask = 2147483647;
			files = (
			);
			runOnlyForDeploymentPostprocessing = 0;
		};
		3FA149E72EF63FB7001426DD /* Sources */ = {
			isa = PBXSourcesBuildPhase;
			buildActionMask = 2147483647;
			files = (
			);
			runOnlyForDeploymentPostprocessing = 0;
		};
/* End PBXSourcesBuildPhase section */

/* Begin PBXTargetDependency section */
		3FA149E32EF63FB7001426DD /* PBXTargetDependency */ = {
			isa = PBXTargetDependency;
			target = 3FA149D32EF63FB5001426DD /* QvPlayer */;
			targetProxy = 3FA149E22EF63FB7001426DD /* PBXContainerItemProxy */;
		};
		3FA149ED2EF63FB7001426DD /* PBXTargetDependency */ = {
			isa = PBXTargetDependency;
			target = 3FA149D32EF63FB5001426DD /* QvPlayer */;
			targetProxy = 3FA149EC2EF63FB7001426DD /* PBXContainerItemProxy */;
		};
		3FA4DFB82EF694EC00F03E9C /* PBXTargetDependency */ = {
			isa = PBXTargetDependency;
			productRef = 3FA4DFB72EF694EC00F03E9C /* FFmpegKit */;
		};
		3FA4DFD32EF695BC00F03E9C /* PBXTargetDependency */ = {
			isa = PBXTargetDependency;
			productRef = 3FA4DFD22EF695BC00F03E9C /* KSPlayer */;
		};
		3FA4DFD52EF695E400F03E9C /* PBXTargetDependency */ = {
			isa = PBXTargetDependency;
			productRef = 3FA4DFD42EF695E400F03E9C /* Libavcodec */;
		};
		3FA4DFD72EF695E400F03E9C /* PBXTargetDependency */ = {
			isa = PBXTargetDependency;
			productRef = 3FA4DFD62EF695E400F03E9C /* Libavfilter */;
		};
		3FA4DFD92EF695E400F03E9C /* PBXTargetDependency */ = {
			isa = PBXTargetDependency;
			productRef = 3FA4DFD82EF695E400F03E9C /* Libavformat */;
		};
		3FA4DFDB2EF695E400F03E9C /* PBXTargetDependency */ = {
			isa = PBXTargetDependency;
			productRef = 3FA4DFDA2EF695E400F03E9C /* Libavutil */;
		};
		3FA4DFDD2EF695E400F03E9C /* PBXTargetDependency */ = {
			isa = PBXTargetDependency;
			productRef = 3FA4DFDC2EF695E400F03E9C /* Libswresample */;
		};
		3FA4DFDF2EF695E400F03E9C /* PBXTargetDependency */ = {
			isa = PBXTargetDependency;
			productRef = 3FA4DFDE2EF695E400F03E9C /* Libswscale */;
		};
		3FA4DFE12EF695EB00F03E9C /* PBXTargetDependency */ = {
			isa = PBXTargetDependency;
			productRef = 3FA4DFE02EF695EB00F03E9C /* libass */;
		};
		3FA4DFE32EF695EB00F03E9C /* PBXTargetDependency */ = {
			isa = PBXTargetDependency;
			productRef = 3FA4DFE22EF695EB00F03E9C /* libmpv */;
		};
/* End PBXTargetDependency section */

/* Begin XCBuildConfiguration section */
		3FA149F32EF63FB7001426DD /* Debug */ = {
			isa = XCBuildConfiguration;
			buildSettings = {
				ALWAYS_SEARCH_USER_PATHS = YES;
				ASSETCATALOG_COMPILER_GENERATE_SWIFT_ASSET_SYMBOL_EXTENSIONS = YES;
				CLANG_ANALYZER_NONNULL = YES;
				CLANG_ANALYZER_NUMBER_OBJECT_CONVERSION = YES_AGGRESSIVE;
				CLANG_CXX_LANGUAGE_STANDARD = "gnu++20";
				CLANG_ENABLE_MODULES = YES;
				CLANG_ENABLE_OBJC_ARC = YES;
				CLANG_ENABLE_OBJC_WEAK = YES;
				CLANG_WARN_BLOCK_CAPTURE_AUTORELEASING = YES;
				CLANG_WARN_BOOL_CONVERSION = YES;
				CLANG_WARN_COMMA = YES;
				CLANG_WARN_CONSTANT_CONVERSION = YES;
				CLANG_WARN_DEPRECATED_OBJC_IMPLEMENTATIONS = YES;
				CLANG_WARN_DIRECT_OBJC_ISA_USAGE = YES_ERROR;
				CLANG_WARN_DOCUMENTATION_COMMENTS = YES;
				CLANG_WARN_EMPTY_BODY = YES;
				CLANG_WARN_ENUM_CONVERSION = YES;
				CLANG_WARN_INFINITE_RECURSION = YES;
				CLANG_WARN_INT_CONVERSION = YES;
				CLANG_WARN_NON_LITERAL_NULL_CONVERSION = YES;
				CLANG_WARN_OBJC_IMPLICIT_RETAIN_SELF = YES;
				CLANG_WARN_OBJC_LITERAL_CONVERSION = YES;
				CLANG_WARN_OBJC_ROOT_CLASS = YES_ERROR;
				CLANG_WARN_QUOTED_INCLUDE_IN_FRAMEWORK_HEADER = YES;
				CLANG_WARN_RANGE_LOOP_ANALYSIS = YES;
				CLANG_WARN_STRICT_PROTOTYPES = YES;
				CLANG_WARN_SUSPICIOUS_MOVE = YES;
				CLANG_WARN_UNGUARDED_AVAILABILITY = YES_AGGRESSIVE;
				CLANG_WARN_UNREACHABLE_CODE = YES;
				CLANG_WARN__DUPLICATE_METHOD_MATCH = YES;
				COPY_PHASE_STRIP = NO;
				DEBUG_INFORMATION_FORMAT = dwarf;
				ENABLE_STRICT_OBJC_MSGSEND = YES;
				ENABLE_TESTABILITY = YES;
				ENABLE_USER_SCRIPT_SANDBOXING = YES;
				GCC_C_LANGUAGE_STANDARD = gnu17;
				GCC_DYNAMIC_NO_PIC = NO;
				GCC_NO_COMMON_BLOCKS = YES;
				GCC_OPTIMIZATION_LEVEL = 0;
				GCC_PREPROCESSOR_DEFINITIONS = (
					"DEBUG=1",
					"$(inherited)",
				);
				GCC_WARN_64_TO_32_BIT_CONVERSION = YES;
				GCC_WARN_ABOUT_RETURN_TYPE = YES_ERROR;
				GCC_WARN_UNDECLARED_SELECTOR = YES;
				GCC_WARN_UNINITIALIZED_AUTOS = YES_AGGRESSIVE;
				GCC_WARN_UNUSED_FUNCTION = YES;
				GCC_WARN_UNUSED_VARIABLE = YES;
				LOCALIZATION_PREFERS_STRING_CATALOGS = YES;
				MTL_ENABLE_DEBUG_INFO = INCLUDE_SOURCE;
				MTL_FAST_MATH = YES;
				ONLY_ACTIVE_ARCH = YES;
				SDKROOT = appletvos;
				SWIFT_ACTIVE_COMPILATION_CONDITIONS = "DEBUG $(inherited)";
				SWIFT_OPTIMIZATION_LEVEL = "-Onone";
				TVOS_DEPLOYMENT_TARGET = 18.5;
			};
			name = Debug;
		};
		3FA149F42EF63FB7001426DD /* Release */ = {
			isa = XCBuildConfiguration;
			buildSettings = {
				ALWAYS_SEARCH_USER_PATHS = YES;
				ASSETCATALOG_COMPILER_GENERATE_SWIFT_ASSET_SYMBOL_EXTENSIONS = YES;
				CLANG_ANALYZER_NONNULL = YES;
				CLANG_ANALYZER_NUMBER_OBJECT_CONVERSION = YES_AGGRESSIVE;
				CLANG_CXX_LANGUAGE_STANDARD = "gnu++20";
				CLANG_ENABLE_MODULES = YES;
				CLANG_ENABLE_OBJC_ARC = YES;
				CLANG_ENABLE_OBJC_WEAK = YES;
				CLANG_WARN_BLOCK_CAPTURE_AUTORELEASING = YES;
				CLANG_WARN_BOOL_CONVERSION = YES;
				CLANG_WARN_COMMA = YES;
				CLANG_WARN_CONSTANT_CONVERSION = YES;
				CLANG_WARN_DEPRECATED_OBJC_IMPLEMENTATIONS = YES;
				CLANG_WARN_DIRECT_OBJC_ISA_USAGE = YES_ERROR;
				CLANG_WARN_DOCUMENTATION_COMMENTS = YES;
				CLANG_WARN_EMPTY_BODY = YES;
				CLANG_WARN_ENUM_CONVERSION = YES;
				CLANG_WARN_INFINITE_RECURSION = YES;
				CLANG_WARN_INT_CONVERSION = YES;
				CLANG_WARN_NON_LITERAL_NULL_CONVERSION = YES;
				CLANG_WARN_OBJC_IMPLICIT_RETAIN_SELF = YES;
				CLANG_WARN_OBJC_LITERAL_CONVERSION = YES;
				CLANG_WARN_OBJC_ROOT_CLASS = YES_ERROR;
				CLANG_WARN_QUOTED_INCLUDE_IN_FRAMEWORK_HEADER = YES;
				CLANG_WARN_RANGE_LOOP_ANALYSIS = YES;
				CLANG_WARN_STRICT_PROTOTYPES = YES;
				CLANG_WARN_SUSPICIOUS_MOVE = YES;
				CLANG_WARN_UNGUARDED_AVAILABILITY = YES_AGGRESSIVE;
				CLANG_WARN_UNREACHABLE_CODE = YES;
				CLANG_WARN__DUPLICATE_METHOD_MATCH = YES;
				COPY_PHASE_STRIP = NO;
				DEBUG_INFORMATION_FORMAT = "dwarf-with-dsym";
				ENABLE_NS_ASSERTIONS = NO;
				ENABLE_STRICT_OBJC_MSGSEND = YES;
				ENABLE_USER_SCRIPT_SANDBOXING = YES;
				GCC_C_LANGUAGE_STANDARD = gnu17;
				GCC_NO_COMMON_BLOCKS = YES;
				GCC_WARN_64_TO_32_BIT_CONVERSION = YES;
				GCC_WARN_ABOUT_RETURN_TYPE = YES_ERROR;
				GCC_WARN_UNDECLARED_SELECTOR = YES;
				GCC_WARN_UNINITIALIZED_AUTOS = YES_AGGRESSIVE;
				GCC_WARN_UNUSED_FUNCTION = YES;
				GCC_WARN_UNUSED_VARIABLE = YES;
				LOCALIZATION_PREFERS_STRING_CATALOGS = YES;
				MTL_ENABLE_DEBUG_INFO = NO;
				MTL_FAST_MATH = YES;
				SDKROOT = appletvos;
				SWIFT_COMPILATION_MODE = wholemodule;
				TVOS_DEPLOYMENT_TARGET = 18.5;
				VALIDATE_PRODUCT = YES;
			};
			name = Release;
		};
		3FA149F62EF63FB7001426DD /* Debug */ = {
			isa = XCBuildConfiguration;
			buildSettings = {
				ASSETCATALOG_COMPILER_APPICON_NAME = "App Icon & Top Shelf Image";
				ASSETCATALOG_COMPILER_GLOBAL_ACCENT_COLOR_NAME = AccentColor;
				CODE_SIGN_ALLOW_ENTITLEMENTS_MODIFICATION = YES;
				CODE_SIGN_ENTITLEMENTS = QvPlayer/QvPlayer.entitlements;
				CODE_SIGN_STYLE = Automatic;
				CURRENT_PROJECT_VERSION = 1;
				DEVELOPMENT_TEAM = NU26N8Z7NA;
				ENABLE_PREVIEWS = YES;
				GENERATE_INFOPLIST_FILE = NO;
				INFOPLIST_FILE = Info.plist;
				LD_RUNPATH_SEARCH_PATHS = (
					"$(inherited)",
					"@executable_path/Frameworks",
				);
				MARKETING_VERSION = 0.0.1;
				PRODUCT_BUNDLE_IDENTIFIER = com.qvcloud.QvPlayer;
				PRODUCT_NAME = "$(TARGET_NAME)";
				SWIFT_EMIT_LOC_STRINGS = YES;
				SWIFT_VERSION = 5.0;
				TARGETED_DEVICE_FAMILY = 3;
			};
			name = Debug;
		};
		3FA149F72EF63FB7001426DD /* Release */ = {
			isa = XCBuildConfiguration;
			buildSettings = {
				ASSETCATALOG_COMPILER_APPICON_NAME = "App Icon & Top Shelf Image";
				ASSETCATALOG_COMPILER_GLOBAL_ACCENT_COLOR_NAME = AccentColor;
				CODE_SIGN_ALLOW_ENTITLEMENTS_MODIFICATION = YES;
				CODE_SIGN_ENTITLEMENTS = QvPlayer/QvPlayerRelease.entitlements;
				CODE_SIGN_STYLE = Automatic;
				CURRENT_PROJECT_VERSION = 1;
				DEVELOPMENT_TEAM = NU26N8Z7NA;
				ENABLE_PREVIEWS = YES;
				GENERATE_INFOPLIST_FILE = NO;
				INFOPLIST_FILE = Info.plist;
				LD_RUNPATH_SEARCH_PATHS = (
					"$(inherited)",
					"@executable_path/Frameworks",
				);
				MARKETING_VERSION = 0.0.1;
				PRODUCT_BUNDLE_IDENTIFIER = com.qvcloud.QvPlayer;
				PRODUCT_NAME = "$(TARGET_NAME)";
				SWIFT_EMIT_LOC_STRINGS = YES;
				SWIFT_VERSION = 5.0;
				TARGETED_DEVICE_FAMILY = 3;
			};
			name = Release;
		};
		3FA149F92EF63FB7001426DD /* Debug */ = {
			isa = XCBuildConfiguration;
			buildSettings = {
				BUNDLE_LOADER = "$(TEST_HOST)";
				CODE_SIGN_STYLE = Automatic;
				CURRENT_PROJECT_VERSION = 1;
				GENERATE_INFOPLIST_FILE = YES;
				MARKETING_VERSION = 1.0;
				PRODUCT_BUNDLE_IDENTIFIER = com.qvcloud.QvPlayerTests;
				PRODUCT_NAME = "$(TARGET_NAME)";
				SWIFT_EMIT_LOC_STRINGS = NO;
				SWIFT_VERSION = 5.0;
				TARGETED_DEVICE_FAMILY = 3;
				TEST_HOST = "$(BUILT_PRODUCTS_DIR)/QvPlayer.app/$(BUNDLE_EXECUTABLE_FOLDER_PATH)/QvPlayer";
				TVOS_DEPLOYMENT_TARGET = 18.5;
			};
			name = Debug;
		};
		3FA149FA2EF63FB7001426DD /* Release */ = {
			isa = XCBuildConfiguration;
			buildSettings = {
				BUNDLE_LOADER = "$(TEST_HOST)";
				CODE_SIGN_STYLE = Automatic;
				CURRENT_PROJECT_VERSION = 1;
				GENERATE_INFOPLIST_FILE = YES;
				MARKETING_VERSION = 1.0;
				PRODUCT_BUNDLE_IDENTIFIER = com.qvcloud.QvPlayerTests;
				PRODUCT_NAME = "$(TARGET_NAME)";
				SWIFT_EMIT_LOC_STRINGS = NO;
				SWIFT_VERSION = 5.0;
				TARGETED_DEVICE_FAMILY = 3;
				TEST_HOST = "$(BUILT_PRODUCTS_DIR)/QvPlayer.app/$(BUNDLE_EXECUTABLE_FOLDER_PATH)/QvPlayer";
				TVOS_DEPLOYMENT_TARGET = 18.5;
			};
			name = Release;
		};
		3FA149FC2EF63FB7001426DD /* Debug */ = {
			isa = XCBuildConfiguration;
			buildSettings = {
				CODE_SIGN_STYLE = Automatic;
				CURRENT_PROJECT_VERSION = 1;
				GENERATE_INFOPLIST_FILE = YES;
				MARKETING_VERSION = 1.0;
				PRODUCT_BUNDLE_IDENTIFIER = com.qvcloud.QvPlayerUITests;
				PRODUCT_NAME = "$(TARGET_NAME)";
				SWIFT_EMIT_LOC_STRINGS = NO;
				SWIFT_VERSION = 5.0;
				TARGETED_DEVICE_FAMILY = 3;
				TEST_TARGET_NAME = QvPlayer;
			};
			name = Debug;
		};
		3FA149FD2EF63FB7001426DD /* Release */ = {
			isa = XCBuildConfiguration;
			buildSettings = {
				CODE_SIGN_STYLE = Automatic;
				CURRENT_PROJECT_VERSION = 1;
				GENERATE_INFOPLIST_FILE = YES;
				MARKETING_VERSION = 1.0;
				PRODUCT_BUNDLE_IDENTIFIER = com.qvcloud.QvPlayerUITests;
				PRODUCT_NAME = "$(TARGET_NAME)";
				SWIFT_EMIT_LOC_STRINGS = NO;
				SWIFT_VERSION = 5.0;
				TARGETED_DEVICE_FAMILY = 3;
				TEST_TARGET_NAME = QvPlayer;
			};
			name = Release;
		};
/* End XCBuildConfiguration section */

/* Begin XCConfigurationList section */
		3FA149CF2EF63FB5001426DD /* Build configuration list for PBXProject "QvPlayer" */ = {
			isa = XCConfigurationList;
			buildConfigurations = (
				3FA149F32EF63FB7001426DD /* Debug */,
				3FA149F42EF63FB7001426DD /* Release */,
			);
			defaultConfigurationIsVisible = 0;
			defaultConfigurationName = Debug;
		};
		3FA149F52EF63FB7001426DD /* Build configuration list for PBXNativeTarget "QvPlayer" */ = {
			isa = XCConfigurationList;
			buildConfigurations = (
				3FA149F62EF63FB7001426DD /* Debug */,
				3FA149F72EF63FB7001426DD /* Release */,
			);
			defaultConfigurationIsVisible = 0;
			defaultConfigurationName = Debug;
		};
		3FA149F82EF63FB7001426DD /* Build configuration list for PBXNativeTarget "QvPlayerTests" */ = {
			isa = XCConfigurationList;
			buildConfigurations = (
				3FA149F92EF63FB7001426DD /* Debug */,
				3FA149FA2EF63FB7001426DD /* Release */,
			);
			defaultConfigurationIsVisible = 0;
			defaultConfigurationName = Debug;
		};
		3FA149FB2EF63FB7001426DD /* Build configuration list for PBXNativeTarget "QvPlayerUITests" */ = {
			isa = XCConfigurationList;
			buildConfigurations = (
				3FA149FC2EF63FB7001426DD /* Debug */,
				3FA149FD2EF63FB7001426DD /* Release */,
			);
			defaultConfigurationIsVisible = 0;
			defaultConfigurationName = Debug;
		};
/* End XCConfigurationList section */

/* Begin XCRemoteSwiftPackageReference section */
		3FA14B302EF6937C001426DD /* XCRemoteSwiftPackageReference "FFmpegKit" */ = {
			isa = XCRemoteSwiftPackageReference;
			repositoryURL = "https://github.com/kingslay/FFmpegKit";
			requirement = {
				kind = upToNextMajorVersion;
				minimumVersion = 6.1.3;
			};
		};
		3FA4DFCF2EF6953800F03E9C /* XCRemoteSwiftPackageReference "KSPlayer" */ = {
			isa = XCRemoteSwiftPackageReference;
			repositoryURL = "https://github.com/kingslay/KSPlayer";
			requirement = {
				kind = upToNextMajorVersion;
				minimumVersion = 2.3.4;
			};
		};
/* End XCRemoteSwiftPackageReference section */

/* Begin XCSwiftPackageProductDependency section */
		3FA14B312EF693B4001426DD /* FFmpegKit */ = {
			isa = XCSwiftPackageProductDependency;
			package = 3FA14B302EF6937C001426DD /* XCRemoteSwiftPackageReference "FFmpegKit" */;
			productName = FFmpegKit;
		};
		3FA14B332EF693B4001426DD /* Libavcodec */ = {
			isa = XCSwiftPackageProductDependency;
			package = 3FA14B302EF6937C001426DD /* XCRemoteSwiftPackageReference "FFmpegKit" */;
			productName = Libavcodec;
		};
		3FA14B352EF693B4001426DD /* Libavfilter */ = {
			isa = XCSwiftPackageProductDependency;
			package = 3FA14B302EF6937C001426DD /* XCRemoteSwiftPackageReference "FFmpegKit" */;
			productName = Libavfilter;
		};
		3FA14B372EF693B4001426DD /* Libavformat */ = {
			isa = XCSwiftPackageProductDependency;
			package = 3FA14B302EF6937C001426DD /* XCRemoteSwiftPackageReference "FFmpegKit" */;
			productName = Libavformat;
		};
		3FA14B392EF693B4001426DD /* Libavutil */ = {
			isa = XCSwiftPackageProductDependency;
			package = 3FA14B302EF6937C001426DD /* XCRemoteSwiftPackageReference "FFmpegKit" */;
			productName = Libavutil;
		};
		3FA4DFB72EF694EC00F03E9C /* FFmpegKit */ = {
			isa = XCSwiftPackageProductDependency;
			package = 3FA14B302EF6937C001426DD /* XCRemoteSwiftPackageReference "FFmpegKit" */;
			productName = FFmpegKit;
		};
		3FA4DFD02EF6954B00F03E9C /* KSPlayer */ = {
			isa = XCSwiftPackageProductDependency;
			package = 3FA4DFCF2EF6953800F03E9C /* XCRemoteSwiftPackageReference "KSPlayer" */;
			productName = KSPlayer;
		};
		3FA4DFD22EF695BC00F03E9C /* KSPlayer */ = {
			isa = XCSwiftPackageProductDependency;
			package = 3FA4DFCF2EF6953800F03E9C /* XCRemoteSwiftPackageReference "KSPlayer" */;
			productName = KSPlayer;
		};
		3FA4DFD42EF695E400F03E9C /* Libavcodec */ = {
			isa = XCSwiftPackageProductDependency;
			package = 3FA14B302EF6937C001426DD /* XCRemoteSwiftPackageReference "FFmpegKit" */;
			productName = Libavcodec;
		};
		3FA4DFD62EF695E400F03E9C /* Libavfilter */ = {
			isa = XCSwiftPackageProductDependency;
			package = 3FA14B302EF6937C001426DD /* XCRemoteSwiftPackageReference "FFmpegKit" */;
			productName = Libavfilter;
		};
		3FA4DFD82EF695E400F03E9C /* Libavformat */ = {
			isa = XCSwiftPackageProductDependency;
			package = 3FA14B302EF6937C001426DD /* XCRemoteSwiftPackageReference "FFmpegKit" */;
			productName = Libavformat;
		};
		3FA4DFDA2EF695E400F03E9C /* Libavutil */ = {
			isa = XCSwiftPackageProductDependency;
			package = 3FA14B302EF6937C001426DD /* XCRemoteSwiftPackageReference "FFmpegKit" */;
			productName = Libavutil;
		};
		3FA4DFDC2EF695E400F03E9C /* Libswresample */ = {
			isa = XCSwiftPackageProductDependency;
			package = 3FA14B302EF6937C001426DD /* XCRemoteSwiftPackageReference "FFmpegKit" */;
			productName = Libswresample;
		};
		3FA4DFDE2EF695E400F03E9C /* Libswscale */ = {
			isa = XCSwiftPackageProductDependency;
			package = 3FA14B302EF6937C001426DD /* XCRemoteSwiftPackageReference "FFmpegKit" */;
			productName = Libswscale;
		};
		3FA4DFE02EF695EB00F03E9C /* libass */ = {
			isa = XCSwiftPackageProductDependency;
			package = 3FA14B302EF6937C001426DD /* XCRemoteSwiftPackageReference "FFmpegKit" */;
			productName = libass;
		};
		3FA4DFE22EF695EB00F03E9C /* libmpv */ = {
			isa = XCSwiftPackageProductDependency;
			package = 3FA14B302EF6937C001426DD /* XCRemoteSwiftPackageReference "FFmpegKit" */;
			productName = libmpv;
		};
/* End XCSwiftPackageProductDependency section */
	};
	rootObject = 3FA149CC2EF63FB5001426DD /* Project object */;
}
